
Microsoft Visual Studio Solution File, Format Version 12.00
# Visual Studio Version 17
VisualStudioVersion = 17.7.34031.279
MinimumVisualStudioVersion = 10.0.40219.1
Project("{FAE04EC0-301F-11D3-BF4B-00C04F79EFBC}") = "Portfolio4_1", "Portfolio4_1.csproj", "{4CA86442-8B62-4AC0-AEA0-FEB89125C004}"
EndProject
Global
	GlobalSection(SolutionConfigurationPlatforms) = preSolution
		Debug|Any CPU = Debug|Any CPU
		Release|Any CPU = Release|Any CPU
	EndGlobalSection
	GlobalSection(ProjectConfigurationPlatforms) = postSolution
		{4CA86442-8B62-4AC0-AEA0-FEB89125C004}.Debug|Any CPU.ActiveCfg = Debug|Any CPU
		{4CA86442-8B62-4AC0-AEA0-FEB89125C004}.Debug|Any CPU.Build.0 = Debug|Any CPU
		{4CA86442-8B62-4AC0-AEA0-FEB89125C004}.Release|Any CPU.ActiveCfg = Release|Any CPU
		{4CA86442-8B62-4AC0-AEA0-FEB89125C004}.Release|Any CPU.Build.0 = Release|Any CPU
	EndGlobalSection
	GlobalSection(SolutionProperties) = preSolution
		HideSolutionNode = FALSE
	EndGlobalSection
	GlobalSection(ExtensibilityGlobals) = postSolution
		SolutionGuid = {56C05612-9C54-43BB-ABF0-17F36B558D87}
	EndGlobalSection
EndGlobal
